
Microsoft Visual Studio Solution File, Format Version 12.00
# Blend for Visual Studio 15
VisualStudioVersion = 15.0.27130.2010
MinimumVisualStudioVersion = 10.0.40219.1
Project("{FAE04EC0-301F-11D3-BF4B-00C04F79EFBC}") = "Project 0", "Project 0\Project 0.csproj", "{5E304016-B3B1-406C-9EAE-32CC9020B1E5}"
EndProject
Global
	GlobalSection(SolutionConfigurationPlatforms) = preSolution
		Debug|Any CPU = Debug|Any CPU
		Release|Any CPU = Release|Any CPU
	EndGlobalSection
	GlobalSection(ProjectConfigurationPlatforms) = postSolution
		{5E304016-B3B1-406C-9EAE-32CC9020B1E5}.Debug|Any CPU.ActiveCfg = Debug|Any CPU
		{5E304016-B3B1-406C-9EAE-32CC9020B1E5}.Debug|Any CPU.Build.0 = Debug|Any CPU
		{5E304016-B3B1-406C-9EAE-32CC9020B1E5}.Release|Any CPU.ActiveCfg = Release|Any CPU
		{5E304016-B3B1-406C-9EAE-32CC9020B1E5}.Release|Any CPU.Build.0 = Release|Any CPU
	EndGlobalSection
	GlobalSection(SolutionProperties) = preSolution
		HideSolutionNode = FALSE
	EndGlobalSection
	GlobalSection(ExtensibilityGlobals) = postSolution
		SolutionGuid = {C5D6351A-1094-45CA-867C-58F02C6AEBCF}
	EndGlobalSection
EndGlobal
